# THIS IS AN AUTOGENERATED FILE. DO NOT EDIT THIS FILE DIRECTLY.
# yarn lockfile v1


"@babel/runtime@^7.12.1":
  version "7.20.13"
  resolved "https://registry.yarnpkg.com/@babel/runtime/-/runtime-7.20.13.tgz#7055ab8a7cff2b8f6058bf6ae45ff84ad2aded4b"
  integrity sha512-gt3PKXs0DBoL9xCvOIIZ2NEqAGZqHjAnmVbfQtB620V0uReIQutpel14KcneZuer7UioY8ALKZ7iocavvzTNFA==
  dependencies:
    regenerator-runtime "^0.13.11"

"@devexpress/utils@1.3.14":
  version "1.3.14"
  resolved "https://registry.yarnpkg.com/@devexpress/utils/-/utils-1.3.14.tgz#ec30cb7d7cfeb82f506afe857f5058057f836d89"
  integrity sha512-vJmUq9Rg6wqYPuZ7qvTHBsd6vkGBj5ZCMzNUJIRWIZPuQfGt576cMqDOD68EQyy/5EBqwowtoYgFdQ1a/1iVpA==
  dependencies:
    tslib "2.0.1"

"@devexpress/utils@1.3.16":
  version "1.3.16"
  resolved "https://registry.yarnpkg.com/@devexpress/utils/-/utils-1.3.16.tgz#e7b6e18380b7fa9cec57aa9c80621bf3da1e93dc"
  integrity sha512-4Az8FUtvesew89j6N7zmDGfZQyHicvSwVoPZMmxRPvz2u4UiLpI/LDD0zuzLYWsLa8pr+SsJ3JRIKmhlcDAsgA==
  dependencies:
    tslib "2.0.1"

"@devexpress/utils@1.4.1":
  version "1.4.1"
  resolved "https://registry.yarnpkg.com/@devexpress/utils/-/utils-1.4.1.tgz#71ad847ae3b95f57276e7fe6d879bde84dc7de66"
  integrity sha512-wXixOorFlYsUiLOjAxb9UnTtvMXxYdsEmApKrbDmRk9M76V8evOQR2ChUzNtfPloy7fZecL8UWq/sF+3ZCPzQQ==
  dependencies:
    tslib "2.3.1"

"@devextreme/runtime@3.0.11":
  version "3.0.11"
  resolved "https://registry.yarnpkg.com/@devextreme/runtime/-/runtime-3.0.11.tgz#fc5829851b4b454ef5d770147d52d3a8a787deb7"
  integrity sha512-j17t+7Uv2iji9YKSzoArw8TyYCjRBWKFRjUyQrog77Z9CVUsQnv2kI7MVNHKjmQgD/aTnHvb57dYq9UL6HesLw==
  dependencies:
    inferno "^7.4.6"
    inferno-create-element "^7.4.6"
    inferno-hydrate "^7.4.6"

ansi-regex@^5.0.1:
  version "5.0.1"
  resolved "https://registry.yarnpkg.com/ansi-regex/-/ansi-regex-5.0.1.tgz#082cb2c89c9fe8659a311a53bd6a4dc5301db304"
  integrity sha512-quJQXlTSUGL2LH9SUXo8VwsY4soanhgo6LNSm84E1LBcE8s3O0wpdiRzyR9z/ZZJMlMWv37qOOb9pdJlMUEKFQ==

ansi-styles@^4.0.0:
  version "4.3.0"
  resolved "https://registry.yarnpkg.com/ansi-styles/-/ansi-styles-4.3.0.tgz#edd803628ae71c04c85ae7a0906edad34b648937"
  integrity sha512-zbB9rCJAT1rbjiVDb2hqKFHNYLxgtk8NURxZ3IZwD3F6NtxbXZQCnnSi1Lkx+IDohdPlFp222wVALIheZJQSEg==
  dependencies:
    color-convert "^2.0.1"

cliui@^8.0.1:
  version "8.0.1"
  resolved "https://registry.yarnpkg.com/cliui/-/cliui-8.0.1.tgz#0c04b075db02cbfe60dc8e6cf2f5486b1a3608aa"
  integrity sha512-BSeNnyus75C4//NQ9gQt1/csTXyo/8Sb+afLAkzAptFuMsod9HFokGNudZpi/oQV73hnVK+sR+5PVRMd+Dr7YQ==
  dependencies:
    string-width "^4.2.0"
    strip-ansi "^6.0.1"
    wrap-ansi "^7.0.0"

color-convert@^2.0.1:
  version "2.0.1"
  resolved "https://registry.yarnpkg.com/color-convert/-/color-convert-2.0.1.tgz#72d3a68d598c9bdb3af2ad1e84f21d896abd4de3"
  integrity sha512-RRECPsj7iu/xb5oKYcsFHSppFNnsj/52OVTRKb4zP5onXwVF3zVmmToNcOfGC+CRDpfK/U584fMg38ZHCaElKQ==
  dependencies:
    color-name "~1.1.4"

color-name@~1.1.4:
  version "1.1.4"
  resolved "https://registry.yarnpkg.com/color-name/-/color-name-1.1.4.tgz#c2a09a87acbde69543de6f63fa3995c826c536a2"
  integrity sha512-dOy+3AuW3a2wNbZHIuMZpTcgjGuLU/uBL/ubcZF9OXbDo8ff4O8yVp5Bf0efS8uEoYo5q4Fx7dY9OgQGXgAsQA==

core-js@^3.19.1:
  version "3.28.0"
  resolved "https://registry.yarnpkg.com/core-js/-/core-js-3.28.0.tgz#ed8b9e99c273879fdfff0edfc77ee709a5800e4a"
  integrity sha512-GiZn9D4Z/rSYvTeg1ljAIsEqFm0LaN9gVtwDCrKL80zHtS31p9BAjmTxVqTQDMpwlMolJZOFntUG2uwyj7DAqw==

core-util-is@~1.0.0:
  version "1.0.3"
  resolved "https://registry.yarnpkg.com/core-util-is/-/core-util-is-1.0.3.tgz#a6042d3634c2b27e9328f837b965fac83808db85"
  integrity sha512-ZQBvi1DcpJ4GDqanjucZ2Hj3wEO5pZDS89BWbkcrvdxksJorwUDDZamX9ldFkp9aw2lmBDLgkObEA4DWNJ9FYQ==

csstype@^3.1.1:
  version "3.1.1"
  resolved "https://registry.yarnpkg.com/csstype/-/csstype-3.1.1.tgz#841b532c45c758ee546a11d5bd7b7b473c8c30b9"
  integrity sha512-DJR/VvkAvSZW9bTouZue2sSxDwdTN92uHjqeKVm+0dAqdfNykRzQ95tay8aXMBAAPpUiq4Qcug2L7neoRh2Egw==

devexpress-diagram@2.1.68:
  version "2.1.68"
  resolved "https://registry.yarnpkg.com/devexpress-diagram/-/devexpress-diagram-2.1.68.tgz#3081a3d4c61eb1a31c7e011b2ce0d760f539169e"
  integrity sha512-MCyJFbtjcp74ARQnJcQegBS1Nu+9Qt9q7FnPRza76CvUnPR0jNoHeO26FxSaA3NX0WW7JxmAqxaFWMhMBOanCg==
  dependencies:
    "@devexpress/utils" "1.3.16"
    es6-object-assign "^1.1.0"

devexpress-diagram@^2.1.57:
  version "2.1.57"
  resolved "https://registry.yarnpkg.com/devexpress-diagram/-/devexpress-diagram-2.1.57.tgz#d42c99fa369e4a6bd0ed3e4d11fb1da8a109c034"
  integrity sha512-cVlnR2dOvU/+iMlA9cICfdFNYpjDaRp44qojb7SV+pyCpImMOeAdReUKjgogcIsmtHzCOi9uSVyyuPvWn8sDwg==
  dependencies:
    "@devexpress/utils" "1.3.16"
    es6-object-assign "^1.1.0"

devexpress-gantt@4.1.39:
  version "4.1.39"
  resolved "https://registry.yarnpkg.com/devexpress-gantt/-/devexpress-gantt-4.1.39.tgz#5275a12e663f9dc655075a2f48e758c3a58fe317"
  integrity sha512-WR4WZyPLCMOAc8LFfntaKa/qmAdLbaM2EN0Jr13Xrup3Kt5wKB2ucNbZBolESklmBOq0L5WNGujPms/ltJ/9kQ==
  dependencies:
    "@devexpress/utils" "1.4.1"
    tslib "2.3.1"

devexpress-gantt@^4.0.27:
  version "4.0.27"
  resolved "https://registry.yarnpkg.com/devexpress-gantt/-/devexpress-gantt-4.0.27.tgz#3b9fd4cfbd0ea1e9084562802d607b297510b3f7"
  integrity sha512-BhtjFZoORdzpez0FbUm7ByCzDm0goQxMZWy0952HzjzDXk0fWX8muzmScMlZ4rxnutfU04evhwktxjbQg6jscg==
  dependencies:
    "@devexpress/utils" "1.3.14"
    tslib "2.3.1"

devextreme-quill@1.5.20, devextreme-quill@^1.5.20:
  version "1.5.20"
  resolved "https://registry.yarnpkg.com/devextreme-quill/-/devextreme-quill-1.5.20.tgz#6537b7be621fe7222e051fff79c9197a0f3f97a9"
  integrity sha512-1za3UXfXV5diQjVyOwJQv1rGI05ZItZKsg0L45os8FU4/QW8QDr7NArQbzkGSbvAcea/frMEbH4X/VRzAvyagw==
  dependencies:
    core-js "^3.19.1"
    eventemitter3 "^4.0.0"
    lodash.clonedeep "^4.5.0"
    lodash.isequal "^4.5.0"
    lodash.merge "^4.5.0"
    parchment "2.0.0-dev.2"
    quill-delta "4.2.2"

devextreme-showdown@^1.0.1:
  version "1.0.1"
  resolved "https://registry.yarnpkg.com/devextreme-showdown/-/devextreme-showdown-1.0.1.tgz#210485fc37334bcef5da7fb665513fc6de599dbe"
  integrity sha512-63zsdU3iGDp0E9TibxGwZPlS+l07/VvD/mlgZY30fEqz6J2kCsYCqyNKbhlgIvuz+yMtWcUXVYVOMpA2YBTgEg==
  dependencies:
    yargs "^17.2.1"

devextreme-vue@^22.2.4:
  version "22.2.4"
  resolved "https://registry.yarnpkg.com/devextreme-vue/-/devextreme-vue-22.2.4.tgz#0bb1ee82e360d56eff082f41f34ec4d0fec6dccb"
  integrity sha512-vkUkcQpO29AplIZJiZx40SQT8aV4DXJyp0YfV7jHf8KEL4EGoXz0o/EuQai6aE+Pr5hNs2Q6ApLJRkJL7ARtfA==

devextreme@^22.2.4:
  version "22.2.4"
  resolved "https://registry.yarnpkg.com/devextreme/-/devextreme-22.2.4.tgz#4e9541191150ff16dd772433f9cfbad8114891c4"
  integrity sha512-r2AKkDdNiPEYNzMKqV3hRwvu/6ZTWUju6fN5BfHD9oKRFqoxGrssYaDhDyFBvtGwdXZN3HfDrlKSYKF1UMlUlQ==
  dependencies:
    "@babel/runtime" "^7.12.1"
    "@devextreme/runtime" "3.0.11"
    devexpress-diagram "2.1.68"
    devexpress-gantt "4.1.39"
    devextreme-quill "1.5.20"
    devextreme-showdown "^1.0.1"
    inferno "^7.4.9"
    inferno-hydrate "^7.4.9"
    jszip "^3.7.1"
    rrule "^2.7.1"
    turndown "~7.1.0"

domino@^2.1.6:
  version "2.1.6"
  resolved "https://registry.yarnpkg.com/domino/-/domino-2.1.6.tgz#fe4ace4310526e5e7b9d12c7de01b7f485a57ffe"
  integrity sha512-3VdM/SXBZX2omc9JF9nOPCtDaYQ67BGp5CoLpIQlO2KCAPETs8TcDHacF26jXadGbvUteZzRTeos2fhID5+ucQ==

dx-systemjs-vue-browser@^1.0.15:
  version "1.0.15"
  resolved "https://registry.yarnpkg.com/dx-systemjs-vue-browser/-/dx-systemjs-vue-browser-1.0.15.tgz#10067a41fa7f025aeabe39f2c9892c11ae291f28"
  integrity sha512-nfB9m/Dq69xzjIiyCPEFLVLf6pwQJMl5U/2YeXY93rfI7+Y/x3RQq5qYSQ5+lGvD+KPWGIAZDV7kZJlpLfSpYQ==

emoji-regex@^8.0.0:
  version "8.0.0"
  resolved "https://registry.yarnpkg.com/emoji-regex/-/emoji-regex-8.0.0.tgz#e818fd69ce5ccfcb404594f842963bf53164cc37"
  integrity sha512-MSjYzcWNOA0ewAHpz0MxpYFvwg6yjy1NG3xteoqz644VCo/RPgnr1/GGt+ic3iJTzQ8Eu3TdM14SawnVUmGE6A==

es6-object-assign@^1.1.0:
  version "1.1.0"
  resolved "https://registry.yarnpkg.com/es6-object-assign/-/es6-object-assign-1.1.0.tgz#c2c3582656247c39ea107cb1e6652b6f9f24523c"
  integrity sha512-MEl9uirslVwqQU369iHNWZXsI8yaZYGg/D65aOgZkeyFJwHYSxilf7rQzXKI7DdDuBPrBXbfk3sl9hJhmd5AUw==

escalade@^3.1.1:
  version "3.1.1"
  resolved "https://registry.yarnpkg.com/escalade/-/escalade-3.1.1.tgz#d8cfdc7000965c5a0174b4a82eaa5c0552742e40"
  integrity sha512-k0er2gUkLf8O0zKJiAhmkTnJlTvINGv7ygDNPbeIsX/TJjGJZHuh9B2UxbsaEkmlEo9MfhrSzmhIlhRlI2GXnw==

eventemitter3@^4.0.0:
  version "4.0.7"
  resolved "https://registry.yarnpkg.com/eventemitter3/-/eventemitter3-4.0.7.tgz#2de9b68f6528d5644ef5c59526a1b4a07306169f"
  integrity sha512-8guHBZCwKnFhYdHr2ysuRWErTwhoN2X8XELRlrRwpmfeY2jjuUN4taQMsULKUVo1K4DvZl+0pgfyoysHxvmvEw==

fast-diff@1.2.0:
  version "1.2.0"
  resolved "https://registry.yarnpkg.com/fast-diff/-/fast-diff-1.2.0.tgz#73ee11982d86caaf7959828d519cfe927fac5f03"
  integrity sha512-xJuoT5+L99XlZ8twedaRf6Ax2TgQVxvgZOYoPKqZufmJib0tL2tegPBOZb1pVNgIhlqDlA0eO0c3wBvQcmzx4w==

get-caller-file@^2.0.5:
  version "2.0.5"
  resolved "https://registry.yarnpkg.com/get-caller-file/-/get-caller-file-2.0.5.tgz#4f94412a82db32f36e3b0b9741f8a97feb031f7e"
  integrity sha512-DyFP3BM/3YHTQOCUL/w0OZHR0lpKeGrxotcHWcqNEdnltqFwXVfhEBQ94eIo34AfQpo0rGki4cyIiftY06h2Fg==

immediate@~3.0.5:
  version "3.0.6"
  resolved "https://registry.yarnpkg.com/immediate/-/immediate-3.0.6.tgz#9db1dbd0faf8de6fbe0f5dd5e56bb606280de69b"
  integrity sha512-XXOFtyqDjNDAQxVfYxuF7g9Il/IbWmmlQg2MYKOH8ExIT1qg6xc4zyS3HaEEATgs1btfzxq15ciUiY7gjSXRGQ==

inferno-clone-vnode@8.0.6, inferno-clone-vnode@^8.0.6:
  version "8.0.6"
  resolved "https://registry.yarnpkg.com/inferno-clone-vnode/-/inferno-clone-vnode-8.0.6.tgz#68e5f9b09245ad897e9f93a8d77f57316812ced2"
  integrity sha512-VXc0gM5vegFIUTlGWFxC8q75D2pb6DlHwUjIHvINTCw0JfUYDmDHg5r0s2lVYP/tzRPIjxAf1PJfRdFghocO/A==
  dependencies:
    inferno "8.0.6"

inferno-compat@^8.0.6:
  version "8.0.6"
  resolved "https://registry.yarnpkg.com/inferno-compat/-/inferno-compat-8.0.6.tgz#7788e80ad931a1b02dcb70e0df41f2f9c0b8aa04"
  integrity sha512-XJdgZVFcXMgT/TH1YDwgRXTLQvkudoXJvarBYyaRjUZZyLeIfLekSKiwp8JLlASwn3vj21YkJq/vskBjEsOx6A==
  dependencies:
    inferno "8.0.6"
    inferno-clone-vnode "8.0.6"
    inferno-create-class "8.0.6"
    inferno-create-element "8.0.6"
    inferno-extras "8.0.6"
    inferno-hydrate "8.0.6"

inferno-create-class@8.0.6, inferno-create-class@^8.0.6:
  version "8.0.6"
  resolved "https://registry.yarnpkg.com/inferno-create-class/-/inferno-create-class-8.0.6.tgz#b8b29b409edcd10d2f2b7d5603a8b531fc9703d9"
  integrity sha512-yOS3AY9GS2IuslBjWVAVugB6Q9Q/ZkmjtIhympan2rX8MkFjhp6Ulrca2qJLIPOyS6glw5hIVLH5VwGZUj9n3w==
  dependencies:
    inferno "8.0.6"

inferno-create-element@8.0.6, inferno-create-element@^8.0.6:
  version "8.0.6"
  resolved "https://registry.yarnpkg.com/inferno-create-element/-/inferno-create-element-8.0.6.tgz#ce826d05f631f5d1911f79f311becc5299a984e6"
  integrity sha512-7afYRH4oz+dGCR8+5YLxvd08SeNyPhvN2MAQhl47XkhDoBbN8cB2PnVVLiyOqZemZixNfxYWZ+iWzoueBpmNBw==
  dependencies:
    inferno "8.0.6"

inferno-create-element@^7.4.6:
  version "7.4.11"
  resolved "https://registry.yarnpkg.com/inferno-create-element/-/inferno-create-element-7.4.11.tgz#1690b3ad28b61be93765b11b409dc9a9a35bf63a"
  integrity sha512-kE6XIx2hPAd5qpDli2iGjNXgubvuyxdLvoiW71WnSzIIxA+Uxa/s8lY8m03VyHHVypFV3n329ZY5dFvKc7UQMg==
  dependencies:
    inferno "7.4.11"

inferno-dom@^1.0.7:
  version "1.0.7"
  resolved "https://registry.yarnpkg.com/inferno-dom/-/inferno-dom-1.0.7.tgz#acbebe818fe632ee7410b2c8918742f7ec649aa9"
  integrity sha512-wYhRhNjBJwzMUg2iUqbbaHCmFDzfInLTE6l7JdTJ4kwqopeIUaRZlNmVMKA/DeZVbmWM3W1NfLu3OPjy1b3dUA==
  dependencies:
    inferno "1.0.7"

inferno-extras@8.0.6, inferno-extras@^8.0.6:
  version "8.0.6"
  resolved "https://registry.yarnpkg.com/inferno-extras/-/inferno-extras-8.0.6.tgz#7673cf861f195f7890700700ff6a4c76df3b9ef7"
  integrity sha512-VL1rPO6XhZfTWpCS/hGShe9kLcbaOnP70wH/CZ2Z2khXrBtMJm6mVSiJPkrVNMBecUmj+w096hy7zre63xCYug==
  dependencies:
    inferno "8.0.6"

inferno-hydrate@8.0.6, inferno-hydrate@^8.0.6:
  version "8.0.6"
  resolved "https://registry.yarnpkg.com/inferno-hydrate/-/inferno-hydrate-8.0.6.tgz#2ad654e394187da1c20e179ba58de5d702a2643c"
  integrity sha512-uFVJzgH2tKQJATdK5PtdBVuFR2GbCn+Inby7ry8kPo2wDl9sFSH7TTuhODB9fAkN5vhi/adKop4bT5uy/xnb5A==
  dependencies:
    inferno "8.0.6"

inferno-hydrate@^7.4.6, inferno-hydrate@^7.4.9:
  version "7.4.11"
  resolved "https://registry.yarnpkg.com/inferno-hydrate/-/inferno-hydrate-7.4.11.tgz#275027585268055f7d741c21978d7b5065169a3a"
  integrity sha512-hF9Ke4GHAkj8GQrMXBZPfsUqhq6WjkoDCAfXhPBuF1Wiceqyy8KerOOXEnuocHky77fuEXq0AzVnQcC064Bkfw==
  dependencies:
    inferno "7.4.11"

inferno-shared@7.4.11:
  version "7.4.11"
  resolved "https://registry.yarnpkg.com/inferno-shared/-/inferno-shared-7.4.11.tgz#6e06e0668c4dad5f8b1fd4c688e1072faa6f1e87"
  integrity sha512-pN725bDSTxkQmRS3e/3H02/xAqgHl+xgddCMjPm8M0etRdRcVCisi3NGPhzSbDDmiftrxhY31exs7+dwsngcDA==

inferno-vnode-flags@7.4.11:
  version "7.4.11"
  resolved "https://registry.yarnpkg.com/inferno-vnode-flags/-/inferno-vnode-flags-7.4.11.tgz#642a835a8dde514f244296b27c176a2b8704fbac"
  integrity sha512-L7lslEQCq3IfwgT/b9zhuMf8fv6KXCNXXHZevk/WYxnqJsOWGDcKpJn0zkzXfvmj0otbB149iLUQVBq3oe2sfA==

inferno-vnode-flags@8.0.6:
  version "8.0.6"
  resolved "https://registry.yarnpkg.com/inferno-vnode-flags/-/inferno-vnode-flags-8.0.6.tgz#1234a0d8e4112f7ec683de0911f3e9767ecc252f"
  integrity sha512-hG9AdtdsK/8ZWojT5ebRqQ7LWHJLLM53ZeiVht7U4bTVzhvMnZHHZ72Ef0SBXZ8hsOVUY/X1GvfUvN9vAaw0NA==

inferno@1.0.7:
  version "1.0.7"
  resolved "https://registry.yarnpkg.com/inferno/-/inferno-1.0.7.tgz#6e4cd800cc752ff76876f5d310dbec508ce0dcbc"
  integrity sha512-bHPvCx+MNXHo2hLsHTaJJJfMuywJHwHSked2s2zk15XKbwOYDchtvJNLi/BICHJi2dikAcFpo7H+/YltYV5aVA==

inferno@7.4.11, inferno@^7.4.6, inferno@^7.4.9:
  version "7.4.11"
  resolved "https://registry.yarnpkg.com/inferno/-/inferno-7.4.11.tgz#fcee308cf0e4a2f6066d96da74e3b425583bfc66"
  integrity sha512-N+cs33ESWI8fdToCd98yMRYl7jkLnCkJskxov3FKKlaKOvk3PRlAttbhmUaYdWXlRvt2WeXi+J4MbzNj3V6G0w==
  dependencies:
    inferno-shared "7.4.11"
    inferno-vnode-flags "7.4.11"
    opencollective-postinstall "^2.0.3"

inferno@8.0.6, inferno@^8.0.6:
  version "8.0.6"
  resolved "https://registry.yarnpkg.com/inferno/-/inferno-8.0.6.tgz#df51607cd3f1dd3dc1a4d9647881d465f346e935"
  integrity sha512-hHJRPi6On8Dbsh7WwIkZXKs4q+RrK4ewIUbAHZj7Gfagb5uXuxqH5eGbgkF8ayBwxj6PYp8a2slEFnuEGOs03g==
  dependencies:
    csstype "^3.1.1"
    inferno-vnode-flags "8.0.6"
    opencollective-postinstall "^2.0.3"

inherits@~2.0.3:
  version "2.0.4"
  resolved "https://registry.yarnpkg.com/inherits/-/inherits-2.0.4.tgz#0fa2c64f932917c3433a0ded55363aae37416b7c"
  integrity sha512-k/vGaX4/Yla3WzyMCvTQOXYeIHvqOKtnqBduzTHpzpQZzAskKMhZ2K+EnBiSM9zGSoIFeMpXKxa4dYeZIQqewQ==

is-fullwidth-code-point@^3.0.0:
  version "3.0.0"
  resolved "https://registry.yarnpkg.com/is-fullwidth-code-point/-/is-fullwidth-code-point-3.0.0.tgz#f116f8064fe90b3f7844a38997c0b75051269f1d"
  integrity sha512-zymm5+u+sCsSWyD9qNaejV3DFvhCKclKdizYaJUuHA83RLjb7nSuGnddCHGv0hk+KY7BMAlsWeK4Ueg6EV6XQg==

isarray@~1.0.0:
  version "1.0.0"
  resolved "https://registry.yarnpkg.com/isarray/-/isarray-1.0.0.tgz#bb935d48582cba168c06834957a54a3e07124f11"
  integrity sha512-VLghIWNM6ELQzo7zwmcg0NmTVyWKYjvIeM83yjp0wRDTmUnrM678fQbcKBo6n2CJEF0szoG//ytg+TKla89ALQ==

jszip@^3.7.1:
  version "3.10.1"
  resolved "https://registry.yarnpkg.com/jszip/-/jszip-3.10.1.tgz#34aee70eb18ea1faec2f589208a157d1feb091c2"
  integrity sha512-xXDvecyTpGLrqFrvkrUSoxxfJI5AH7U8zxxtVclpsUtMCq4JQ290LY8AW5c7Ggnr/Y/oK+bQMbqK2qmtk3pN4g==
  dependencies:
    lie "~3.3.0"
    pako "~1.0.2"
    readable-stream "~2.3.6"
    setimmediate "^1.0.5"

lie@~3.3.0:
  version "3.3.0"
  resolved "https://registry.yarnpkg.com/lie/-/lie-3.3.0.tgz#dcf82dee545f46074daf200c7c1c5a08e0f40f6a"
  integrity sha512-UaiMJzeWRlEujzAuw5LokY1L5ecNQYZKfmyZ9L7wDHb/p5etKaxXhohBcrw0EYby+G/NA52vRSN4N39dxHAIwQ==
  dependencies:
    immediate "~3.0.5"

lodash.clonedeep@^4.5.0:
  version "4.5.0"
  resolved "https://registry.yarnpkg.com/lodash.clonedeep/-/lodash.clonedeep-4.5.0.tgz#e23f3f9c4f8fbdde872529c1071857a086e5ccef"
  integrity sha512-H5ZhCF25riFd9uB5UCkVKo61m3S/xZk1x4wA6yp/L3RFP6Z/eHH1ymQcGLo7J3GMPfm0V/7m1tryHuGVxpqEBQ==

lodash.isequal@^4.5.0:
  version "4.5.0"
  resolved "https://registry.yarnpkg.com/lodash.isequal/-/lodash.isequal-4.5.0.tgz#415c4478f2bcc30120c22ce10ed3226f7d3e18e0"
  integrity sha512-pDo3lu8Jhfjqls6GkMgpahsF9kCyayhgykjyLMNFTKWrpVdAQtYyB4muAMWozBB4ig/dtWAmsMxLEI8wuz+DYQ==

lodash.merge@^4.5.0:
  version "4.6.2"
  resolved "https://registry.yarnpkg.com/lodash.merge/-/lodash.merge-4.6.2.tgz#558aa53b43b661e1925a0afdfa36a9a1085fe57a"
  integrity sha512-0KpjqXRVvrYyCsX1swR/XTK0va6VQkQM6MNo7PqW77ByjAhoARA8EfrP1N4+KlKj8YS0ZUCtRT/YUuhyYDujIQ==

opencollective-postinstall@^2.0.3:
  version "2.0.3"
  resolved "https://registry.yarnpkg.com/opencollective-postinstall/-/opencollective-postinstall-2.0.3.tgz#7a0fff978f6dbfa4d006238fbac98ed4198c3259"
  integrity sha512-8AV/sCtuzUeTo8gQK5qDZzARrulB3egtLzFgteqB2tcT4Mw7B8Kt7JcDHmltjz6FOAHsvTevk70gZEbhM4ZS9Q==

pako@~1.0.2:
  version "1.0.11"
  resolved "https://registry.yarnpkg.com/pako/-/pako-1.0.11.tgz#6c9599d340d54dfd3946380252a35705a6b992bf"
  integrity sha512-4hLB8Py4zZce5s4yd9XzopqwVv/yGNhV1Bl8NTmCq1763HeK2+EwVTv+leGeL13Dnh2wfbqowVPXCIO0z4taYw==

parchment@2.0.0-dev.2:
  version "2.0.0-dev.2"
  resolved "https://registry.yarnpkg.com/parchment/-/parchment-2.0.0-dev.2.tgz#9d6fe57b3721317bd1c481ea38ffa9b287d496b8"
  integrity sha512-4fgRny4pPISoML08Zp7poi52Dff3E2G1ORTi2D/acJ/RiROdDAMDB6VcQNfBcmehrX5Wixp6dxh6JjLyE5yUNQ==

process-nextick-args@~2.0.0:
  version "2.0.1"
  resolved "https://registry.yarnpkg.com/process-nextick-args/-/process-nextick-args-2.0.1.tgz#7820d9b16120cc55ca9ae7792680ae7dba6d7fe2"
  integrity sha512-3ouUOpQhtgrbOa17J7+uxOTpITYWaGP7/AhoR3+A+/1e9skrzelGi/dXzEYyvbxubEF6Wn2ypscTKiKJFFn1ag==

quill-delta@4.2.2:
  version "4.2.2"
  resolved "https://registry.yarnpkg.com/quill-delta/-/quill-delta-4.2.2.tgz#015397d046e0a3bed087cd8a51f98c11a1b8f351"
  integrity sha512-qjbn82b/yJzOjstBgkhtBjN2TNK+ZHP/BgUQO+j6bRhWQQdmj2lH6hXG7+nwwLF41Xgn//7/83lxs9n2BkTtTg==
  dependencies:
    fast-diff "1.2.0"
    lodash.clonedeep "^4.5.0"
    lodash.isequal "^4.5.0"

readable-stream@~2.3.6:
  version "2.3.7"
  resolved "https://registry.yarnpkg.com/readable-stream/-/readable-stream-2.3.7.tgz#1eca1cf711aef814c04f62252a36a62f6cb23b57"
  integrity sha512-Ebho8K4jIbHAxnuxi7o42OrZgF/ZTNcsZj6nRKyUmkhLFq8CHItp/fy6hQZuZmP/n3yZ9VBUbp4zz/mX8hmYPw==
  dependencies:
    core-util-is "~1.0.0"
    inherits "~2.0.3"
    isarray "~1.0.0"
    process-nextick-args "~2.0.0"
    safe-buffer "~5.1.1"
    string_decoder "~1.1.1"
    util-deprecate "~1.0.1"

regenerator-runtime@^0.13.11:
  version "0.13.11"
  resolved "https://registry.yarnpkg.com/regenerator-runtime/-/regenerator-runtime-0.13.11.tgz#f6dca3e7ceec20590d07ada785636a90cdca17f9"
  integrity sha512-kY1AZVr2Ra+t+piVaJ4gxaFaReZVH40AKNo7UCX6W+dEwBo/2oZJzqfuN1qLq1oL45o56cPaTXELwrTh8Fpggg==

require-directory@^2.1.1:
  version "2.1.1"
  resolved "https://registry.yarnpkg.com/require-directory/-/require-directory-2.1.1.tgz#8c64ad5fd30dab1c976e2344ffe7f792a6a6df42"
  integrity sha512-fGxEI7+wsG9xrvdjsrlmL22OMTTiHRwAMroiEeMgq8gzoLC/PQr7RsRDSTLUg/bZAZtF+TVIkHc6/4RIKrui+Q==

rrule@^2.7.1:
  version "2.7.2"
  resolved "https://registry.yarnpkg.com/rrule/-/rrule-2.7.2.tgz#cb899cb21bbe6c71b587107956604173b69f9143"
  integrity sha512-NkBsEEB6FIZOZ3T8frvEBOB243dm46SPufpDckY/Ap/YH24V1zLeMmDY8OA10lk452NdrF621+ynDThE7FQU2A==
  dependencies:
    tslib "^2.4.0"

safe-buffer@~5.1.0, safe-buffer@~5.1.1:
  version "5.1.2"
  resolved "https://registry.yarnpkg.com/safe-buffer/-/safe-buffer-5.1.2.tgz#991ec69d296e0313747d59bdfd2b745c35f8828d"
  integrity sha512-Gd2UZBJDkXlY7GbJxfsE8/nvKkUEU1G38c1siN6QP6a9PT9MmHB8GnpscSmMJSoF8LOIrt8ud/wPtojys4G6+g==

setimmediate@^1.0.5:
  version "1.0.5"
  resolved "https://registry.yarnpkg.com/setimmediate/-/setimmediate-1.0.5.tgz#290cbb232e306942d7d7ea9b83732ab7856f8285"
  integrity sha512-MATJdZp8sLqDl/68LfQmbP8zKPLQNV6BIZoIgrscFDQ+RsvK/BxeDQOgyxKKoh0y/8h3BqVFnCqQ/gd+reiIXA==

string-width@^4.1.0, string-width@^4.2.0, string-width@^4.2.3:
  version "4.2.3"
  resolved "https://registry.yarnpkg.com/string-width/-/string-width-4.2.3.tgz#269c7117d27b05ad2e536830a8ec895ef9c6d010"
  integrity sha512-wKyQRQpjJ0sIp62ErSZdGsjMJWsap5oRNihHhu6G7JVO/9jIB6UyevL+tXuOqrng8j/cxKTWyWUwvSTriiZz/g==
  dependencies:
    emoji-regex "^8.0.0"
    is-fullwidth-code-point "^3.0.0"
    strip-ansi "^6.0.1"

string_decoder@~1.1.1:
  version "1.1.1"
  resolved "https://registry.yarnpkg.com/string_decoder/-/string_decoder-1.1.1.tgz#9cf1611ba62685d7030ae9e4ba34149c3af03fc8"
  integrity sha512-n/ShnvDi6FHbbVfviro+WojiFzv+s8MPMHBczVePfUpDJLwoLT0ht1l4YwBCbi8pJAveEEdnkHyPyTP/mzRfwg==
  dependencies:
    safe-buffer "~5.1.0"

strip-ansi@^6.0.0, strip-ansi@^6.0.1:
  version "6.0.1"
  resolved "https://registry.yarnpkg.com/strip-ansi/-/strip-ansi-6.0.1.tgz#9e26c63d30f53443e9489495b2105d37b67a85d9"
  integrity sha512-Y38VPSHcqkFrCpFnQ9vuSXmquuv5oXOKpGeT6aGrr3o3Gc9AlVa6JBfUSOCnbxGGZF+/0ooI7KrPuUSztUdU5A==
  dependencies:
    ansi-regex "^5.0.1"

tslib@2.0.1:
  version "2.0.1"
  resolved "https://registry.yarnpkg.com/tslib/-/tslib-2.0.1.tgz#410eb0d113e5b6356490eec749603725b021b43e"
  integrity sha512-SgIkNheinmEBgx1IUNirK0TUD4X9yjjBRTqqjggWCU3pUEqIk3/Uwl3yRixYKT6WjQuGiwDv4NomL3wqRCj+CQ==

tslib@2.3.1:
  version "2.3.1"
  resolved "https://registry.yarnpkg.com/tslib/-/tslib-2.3.1.tgz#e8a335add5ceae51aa261d32a490158ef042ef01"
  integrity sha512-77EbyPPpMz+FRFRuAFlWMtmgUWGe9UOG2Z25NqCwiIjRhOf5iKGuzSe5P2w1laq+FkRy4p+PCuVkJSGkzTEKVw==

tslib@^2.4.0:
  version "2.5.0"
  resolved "https://registry.yarnpkg.com/tslib/-/tslib-2.5.0.tgz#42bfed86f5787aeb41d031866c8f402429e0fddf"
  integrity sha512-336iVw3rtn2BUK7ORdIAHTyxHGRIHVReokCR3XjbckJMK7ms8FysBfhLR8IXnAgy7T0PTPNBWKiH514FOW/WSg==

turndown@~7.1.0:
  version "7.1.1"
  resolved "https://registry.yarnpkg.com/turndown/-/turndown-7.1.1.tgz#96992f2d9b40a1a03d3ea61ad31b5a5c751ef77f"
  integrity sha512-BEkXaWH7Wh7e9bd2QumhfAXk5g34+6QUmmWx+0q6ThaVOLuLUqsnkq35HQ5SBHSaxjSfSM7US5o4lhJNH7B9MA==
  dependencies:
    domino "^2.1.6"

util-deprecate@~1.0.1:
  version "1.0.2"
  resolved "https://registry.yarnpkg.com/util-deprecate/-/util-deprecate-1.0.2.tgz#450d4dc9fa70de732762fbd2d4a28981419a0ccf"
  integrity sha512-EPD5q1uXyFxJpCrLnCc1nHnq3gOa6DZBocAIiI2TaSCA7VCJ1UJDMagCzIkXNsUYfD1daK//LTEQ8xiIbrHtcw==

wrap-ansi@^7.0.0:
  version "7.0.0"
  resolved "https://registry.yarnpkg.com/wrap-ansi/-/wrap-ansi-7.0.0.tgz#67e145cff510a6a6984bdf1152911d69d2eb9e43"
  integrity sha512-YVGIj2kamLSTxw6NsZjoBxfSwsn0ycdesmc4p+Q21c5zPuZ1pl+NfxVdxPtdHvmNVOQ6XSYG4AUtyt/Fi7D16Q==
  dependencies:
    ansi-styles "^4.0.0"
    string-width "^4.1.0"
    strip-ansi "^6.0.0"

y18n@^5.0.5:
  version "5.0.8"
  resolved "https://registry.yarnpkg.com/y18n/-/y18n-5.0.8.tgz#7f4934d0f7ca8c56f95314939ddcd2dd91ce1d55"
  integrity sha512-0pfFzegeDWJHJIAmTLRP2DwHjdF5s7jo9tuztdQxAhINCdvS+3nGINqPd00AphqJR/0LhANUS6/+7SCb98YOfA==

yargs-parser@^21.1.1:
  version "21.1.1"
  resolved "https://registry.yarnpkg.com/yargs-parser/-/yargs-parser-21.1.1.tgz#9096bceebf990d21bb31fa9516e0ede294a77d35"
  integrity sha512-tVpsJW7DdjecAiFpbIB1e3qxIQsE6NoPc5/eTdrbbIC4h0LVsWhnoa3g+m2HclBIujHzsxZ4VJVA+GUuc2/LBw==

yargs@^17.2.1:
  version "17.7.0"
  resolved "https://registry.yarnpkg.com/yargs/-/yargs-17.7.0.tgz#b21e9af1e0a619a2a9c67b1133219b2975a07985"
  integrity sha512-dwqOPg5trmrre9+v8SUo2q/hAwyKoVfu8OC1xPHKJGNdxAvPl4sKxL4vBnh3bQz/ZvvGAFeA5H3ou2kcOY8sQQ==
  dependencies:
    cliui "^8.0.1"
    escalade "^3.1.1"
    get-caller-file "^2.0.5"
    require-directory "^2.1.1"
    string-width "^4.2.3"
    y18n "^5.0.5"
    yargs-parser "^21.1.1"
